
Microsoft Visual Studio Solution File, Format Version 12.00
# Visual Studio 14
VisualStudioVersion = 14.0.24720.0
MinimumVisualStudioVersion = 10.0.40219.1
Project("{FAE04EC0-301F-11D3-BF4B-00C04F79EFBC}") = "Tothdev.Placemap.API", "Tothdev.Placemap.API\Tothdev.Placemap.API.csproj", "{167749F3-B45C-4945-B345-A6435B805513}"
EndProject
Project("{FAE04EC0-301F-11D3-BF4B-00C04F79EFBC}") = "Tothdev.Placemap.Repository", "Tothdev.Placemap.Repository\Tothdev.Placemap.Repository.csproj", "{F4D3B0C0-5B4D-4B0E-AE1C-DBB894DECB13}"
EndProject
Project("{FAE04EC0-301F-11D3-BF4B-00C04F79EFBC}") = "Tothdev.Placemap.Entity", "Tothdev.Placemap.Entity\Tothdev.Placemap.Entity.csproj", "{5644F4EF-FF0C-4A67-9FE5-CDFFD8060182}"
EndProject
Project("{E24C65DC-7377-472B-9ABA-BC803B73C61A}") = "Tothdev.Placemap.UI", "Tothdev.Placemap.UI\", "{CC6E6ABD-18D9-47CD-9FF5-84537591A27C}"
	ProjectSection(WebsiteProperties) = preProject
		TargetFrameworkMoniker = ".NETFramework,Version%3Dv4.0"
		Debug.AspNetCompiler.VirtualPath = "/localhost_49302"
		Debug.AspNetCompiler.PhysicalPath = "Tothdev.Placemap.UI\"
		Debug.AspNetCompiler.TargetPath = "PrecompiledWeb\localhost_49302\"
		Debug.AspNetCompiler.Updateable = "true"
		Debug.AspNetCompiler.ForceOverwrite = "true"
		Debug.AspNetCompiler.FixedNames = "false"
		Debug.AspNetCompiler.Debug = "True"
		Release.AspNetCompiler.VirtualPath = "/localhost_49302"
		Release.AspNetCompiler.PhysicalPath = "Tothdev.Placemap.UI\"
		Release.AspNetCompiler.TargetPath = "PrecompiledWeb\localhost_49302\"
		Release.AspNetCompiler.Updateable = "true"
		Release.AspNetCompiler.ForceOverwrite = "true"
		Release.AspNetCompiler.FixedNames = "false"
		Release.AspNetCompiler.Debug = "False"
		VWDPort = "49302"
		SlnRelativePath = "Tothdev.Placemap.UI\"
	EndProjectSection
EndProject
Global
	GlobalSection(SolutionConfigurationPlatforms) = preSolution
		Debug|Any CPU = Debug|Any CPU
		Release|Any CPU = Release|Any CPU
	EndGlobalSection
	GlobalSection(ProjectConfigurationPlatforms) = postSolution
		{167749F3-B45C-4945-B345-A6435B805513}.Debug|Any CPU.ActiveCfg = Debug|Any CPU
		{167749F3-B45C-4945-B345-A6435B805513}.Debug|Any CPU.Build.0 = Debug|Any CPU
		{167749F3-B45C-4945-B345-A6435B805513}.Release|Any CPU.ActiveCfg = Release|Any CPU
		{167749F3-B45C-4945-B345-A6435B805513}.Release|Any CPU.Build.0 = Release|Any CPU
		{F4D3B0C0-5B4D-4B0E-AE1C-DBB894DECB13}.Debug|Any CPU.ActiveCfg = Debug|Any CPU
		{F4D3B0C0-5B4D-4B0E-AE1C-DBB894DECB13}.Debug|Any CPU.Build.0 = Debug|Any CPU
		{F4D3B0C0-5B4D-4B0E-AE1C-DBB894DECB13}.Release|Any CPU.ActiveCfg = Release|Any CPU
		{F4D3B0C0-5B4D-4B0E-AE1C-DBB894DECB13}.Release|Any CPU.Build.0 = Release|Any CPU
		{5644F4EF-FF0C-4A67-9FE5-CDFFD8060182}.Debug|Any CPU.ActiveCfg = Debug|Any CPU
		{5644F4EF-FF0C-4A67-9FE5-CDFFD8060182}.Debug|Any CPU.Build.0 = Debug|Any CPU
		{5644F4EF-FF0C-4A67-9FE5-CDFFD8060182}.Release|Any CPU.ActiveCfg = Release|Any CPU
		{5644F4EF-FF0C-4A67-9FE5-CDFFD8060182}.Release|Any CPU.Build.0 = Release|Any CPU
		{CC6E6ABD-18D9-47CD-9FF5-84537591A27C}.Debug|Any CPU.ActiveCfg = Debug|Any CPU
		{CC6E6ABD-18D9-47CD-9FF5-84537591A27C}.Debug|Any CPU.Build.0 = Debug|Any CPU
		{CC6E6ABD-18D9-47CD-9FF5-84537591A27C}.Release|Any CPU.ActiveCfg = Debug|Any CPU
		{CC6E6ABD-18D9-47CD-9FF5-84537591A27C}.Release|Any CPU.Build.0 = Debug|Any CPU
	EndGlobalSection
	GlobalSection(SolutionProperties) = preSolution
		HideSolutionNode = FALSE
	EndGlobalSection
EndGlobal
